
Microsoft Visual Studio Solution File, Format Version 12.00
# Visual Studio Version 16
VisualStudioVersion = 16.0.0.0
MinimumVisualStudioVersion = 16.0.0.0
Project("{FAE04EC0-301F-11D3-BF4B-00C04F79EFBC}") = "FlowFocus.Core", "FlowFocus.Core\FlowFocus.Core.csproj", "{B72AA562-E6F8-443A-90E0-3DB0E880C3F3}"
EndProject
Project("{FAE04EC0-301F-11D3-BF4B-00C04F79EFBC}") = "FlowFocus.WebApp", "FlowFocus.WebApp\FlowFocus.WebApp.csproj", "{75DA105F-B46D-4A4D-86B9-2CD01792EEE9}"
EndProject
Project("{FAE04EC0-301F-11D3-BF4B-00C04F79EFBC}") = "FlowFocus.Data", "FlowFocus.Data\FlowFocus.Data.csproj", "{FFDC88AE-4ADB-4152-8A4E-89013CB245B0}"
EndProject
Project("{FAE04EC0-301F-11D3-BF4B-00C04F79EFBC}") = "FlowFocus.MAUI", "FlowFocus.MAUI\FlowFocus.MAUI.csproj", "{3D8DEB90-8589-4116-86CF-2B49AAF3D432}"
EndProject
Project("{FAE04EC0-301F-11D3-BF4B-00C04F79EFBC}") = "FlowFocus.Blazor", "FlowFocus.Blazor\FlowFocus.Blazor.csproj", "{F02AEC8D-B420-445C-AA14-F0CEA293CB4B}"
EndProject
Project("{FAE04EC0-301F-11D3-BF4B-00C04F79EFBC}") = "FlowFocus.Tests", "FlowFocus.Tests\FlowFocus.Tests.csproj", "{82AC555C-F72E-4C6B-A4F8-C96A9839FE3D}"
EndProject
Global
	GlobalSection(SolutionConfigurationPlatforms) = preSolution
		Debug|Any CPU = Debug|Any CPU
		Debug|x64 = Debug|x64
		Debug|x86 = Debug|x86
		Release|Any CPU = Release|Any CPU
		Release|x64 = Release|x64
		Release|x86 = Release|x86
	EndGlobalSection
	GlobalSection(ProjectConfigurationPlatforms) = postSolution
		{B72AA562-E6F8-443A-90E0-3DB0E880C3F3}.Debug|Any CPU.ActiveCfg = Debug|Any CPU
		{B72AA562-E6F8-443A-90E0-3DB0E880C3F3}.Debug|Any CPU.Build.0 = Debug|Any CPU
		{B72AA562-E6F8-443A-90E0-3DB0E880C3F3}.Debug|x64.ActiveCfg = Debug|Any CPU
		{B72AA562-E6F8-443A-90E0-3DB0E880C3F3}.Debug|x64.Build.0 = Debug|Any CPU
		{B72AA562-E6F8-443A-90E0-3DB0E880C3F3}.Debug|x86.ActiveCfg = Debug|Any CPU
		{B72AA562-E6F8-443A-90E0-3DB0E880C3F3}.Debug|x86.Build.0 = Debug|Any CPU
		{B72AA562-E6F8-443A-90E0-3DB0E880C3F3}.Release|Any CPU.ActiveCfg = Release|Any CPU
		{B72AA562-E6F8-443A-90E0-3DB0E880C3F3}.Release|Any CPU.Build.0 = Release|Any CPU
		{B72AA562-E6F8-443A-90E0-3DB0E880C3F3}.Release|x64.ActiveCfg = Release|Any CPU
		{B72AA562-E6F8-443A-90E0-3DB0E880C3F3}.Release|x64.Build.0 = Release|Any CPU
		{B72AA562-E6F8-443A-90E0-3DB0E880C3F3}.Release|x86.ActiveCfg = Release|Any CPU
		{B72AA562-E6F8-443A-90E0-3DB0E880C3F3}.Release|x86.Build.0 = Release|Any CPU
		{75DA105F-B46D-4A4D-86B9-2CD01792EEE9}.Debug|Any CPU.ActiveCfg = Debug|Any CPU
		{75DA105F-B46D-4A4D-86B9-2CD01792EEE9}.Debug|Any CPU.Build.0 = Debug|Any CPU
		{75DA105F-B46D-4A4D-86B9-2CD01792EEE9}.Debug|x64.ActiveCfg = Debug|Any CPU
		{75DA105F-B46D-4A4D-86B9-2CD01792EEE9}.Debug|x64.Build.0 = Debug|Any CPU
		{75DA105F-B46D-4A4D-86B9-2CD01792EEE9}.Debug|x86.ActiveCfg = Debug|Any CPU
		{75DA105F-B46D-4A4D-86B9-2CD01792EEE9}.Debug|x86.Build.0 = Debug|Any CPU
		{75DA105F-B46D-4A4D-86B9-2CD01792EEE9}.Release|Any CPU.ActiveCfg = Release|Any CPU
		{75DA105F-B46D-4A4D-86B9-2CD01792EEE9}.Release|Any CPU.Build.0 = Release|Any CPU
		{75DA105F-B46D-4A4D-86B9-2CD01792EEE9}.Release|x64.ActiveCfg = Release|Any CPU
		{75DA105F-B46D-4A4D-86B9-2CD01792EEE9}.Release|x64.Build.0 = Release|Any CPU
		{75DA105F-B46D-4A4D-86B9-2CD01792EEE9}.Release|x86.ActiveCfg = Release|Any CPU
		{75DA105F-B46D-4A4D-86B9-2CD01792EEE9}.Release|x86.Build.0 = Release|Any CPU
		{FFDC88AE-4ADB-4152-8A4E-89013CB245B0}.Debug|Any CPU.ActiveCfg = Debug|Any CPU
		{FFDC88AE-4ADB-4152-8A4E-89013CB245B0}.Debug|Any CPU.Build.0 = Debug|Any CPU
		{FFDC88AE-4ADB-4152-8A4E-89013CB245B0}.Debug|x64.ActiveCfg = Debug|Any CPU
		{FFDC88AE-4ADB-4152-8A4E-89013CB245B0}.Debug|x64.Build.0 = Debug|Any CPU
		{FFDC88AE-4ADB-4152-8A4E-89013CB245B0}.Debug|x86.ActiveCfg = Debug|Any CPU
		{FFDC88AE-4ADB-4152-8A4E-89013CB245B0}.Debug|x86.Build.0 = Debug|Any CPU
		{FFDC88AE-4ADB-4152-8A4E-89013CB245B0}.Release|Any CPU.ActiveCfg = Release|Any CPU
		{FFDC88AE-4ADB-4152-8A4E-89013CB245B0}.Release|Any CPU.Build.0 = Release|Any CPU
		{FFDC88AE-4ADB-4152-8A4E-89013CB245B0}.Release|x64.ActiveCfg = Release|Any CPU
		{FFDC88AE-4ADB-4152-8A4E-89013CB245B0}.Release|x64.Build.0 = Release|Any CPU
		{FFDC88AE-4ADB-4152-8A4E-89013CB245B0}.Release|x86.ActiveCfg = Release|Any CPU
		{FFDC88AE-4ADB-4152-8A4E-89013CB245B0}.Release|x86.Build.0 = Release|Any CPU
		{3D8DEB90-8589-4116-86CF-2B49AAF3D432}.Debug|Any CPU.ActiveCfg = Debug|Any CPU
		{3D8DEB90-8589-4116-86CF-2B49AAF3D432}.Debug|Any CPU.Build.0 = Debug|Any CPU
		{3D8DEB90-8589-4116-86CF-2B49AAF3D432}.Debug|x64.ActiveCfg = Debug|Any CPU
		{3D8DEB90-8589-4116-86CF-2B49AAF3D432}.Debug|x64.Build.0 = Debug|Any CPU
		{3D8DEB90-8589-4116-86CF-2B49AAF3D432}.Debug|x86.ActiveCfg = Debug|Any CPU
		{3D8DEB90-8589-4116-86CF-2B49AAF3D432}.Debug|x86.Build.0 = Debug|Any CPU
		{3D8DEB90-8589-4116-86CF-2B49AAF3D432}.Release|Any CPU.ActiveCfg = Release|Any CPU
		{3D8DEB90-8589-4116-86CF-2B49AAF3D432}.Release|Any CPU.Build.0 = Release|Any CPU
		{3D8DEB90-8589-4116-86CF-2B49AAF3D432}.Release|x64.ActiveCfg = Release|Any CPU
		{3D8DEB90-8589-4116-86CF-2B49AAF3D432}.Release|x64.Build.0 = Release|Any CPU
		{3D8DEB90-8589-4116-86CF-2B49AAF3D432}.Release|x86.ActiveCfg = Release|Any CPU
		{3D8DEB90-8589-4116-86CF-2B49AAF3D432}.Release|x86.Build.0 = Release|Any CPU
		{F02AEC8D-B420-445C-AA14-F0CEA293CB4B}.Debug|Any CPU.ActiveCfg = Debug|Any CPU
		{F02AEC8D-B420-445C-AA14-F0CEA293CB4B}.Debug|Any CPU.Build.0 = Debug|Any CPU
		{F02AEC8D-B420-445C-AA14-F0CEA293CB4B}.Debug|x64.ActiveCfg = Debug|Any CPU
		{F02AEC8D-B420-445C-AA14-F0CEA293CB4B}.Debug|x64.Build.0 = Debug|Any CPU
		{F02AEC8D-B420-445C-AA14-F0CEA293CB4B}.Debug|x86.ActiveCfg = Debug|Any CPU
		{F02AEC8D-B420-445C-AA14-F0CEA293CB4B}.Debug|x86.Build.0 = Debug|Any CPU
		{F02AEC8D-B420-445C-AA14-F0CEA293CB4B}.Release|Any CPU.ActiveCfg = Release|Any CPU
		{F02AEC8D-B420-445C-AA14-F0CEA293CB4B}.Release|Any CPU.Build.0 = Release|Any CPU
		{F02AEC8D-B420-445C-AA14-F0CEA293CB4B}.Release|x64.ActiveCfg = Release|Any CPU
		{F02AEC8D-B420-445C-AA14-F0CEA293CB4B}.Release|x64.Build.0 = Release|Any CPU
		{F02AEC8D-B420-445C-AA14-F0CEA293CB4B}.Release|x86.ActiveCfg = Release|Any CPU
		{F02AEC8D-B420-445C-AA14-F0CEA293CB4B}.Release|x86.Build.0 = Release|Any CPU
		{82AC555C-F72E-4C6B-A4F8-C96A9839FE3D}.Debug|Any CPU.ActiveCfg = Debug|Any CPU
		{82AC555C-F72E-4C6B-A4F8-C96A9839FE3D}.Debug|Any CPU.Build.0 = Debug|Any CPU
		{82AC555C-F72E-4C6B-A4F8-C96A9839FE3D}.Debug|x64.ActiveCfg = Debug|Any CPU
		{82AC555C-F72E-4C6B-A4F8-C96A9839FE3D}.Debug|x64.Build.0 = Debug|Any CPU
		{82AC555C-F72E-4C6B-A4F8-C96A9839FE3D}.Debug|x86.ActiveCfg = Debug|Any CPU
		{82AC555C-F72E-4C6B-A4F8-C96A9839FE3D}.Debug|x86.Build.0 = Debug|Any CPU
		{82AC555C-F72E-4C6B-A4F8-C96A9839FE3D}.Release|Any CPU.ActiveCfg = Release|Any CPU
		{82AC555C-F72E-4C6B-A4F8-C96A9839FE3D}.Release|Any CPU.Build.0 = Release|Any CPU
		{82AC555C-F72E-4C6B-A4F8-C96A9839FE3D}.Release|x64.ActiveCfg = Release|Any CPU
		{82AC555C-F72E-4C6B-A4F8-C96A9839FE3D}.Release|x64.Build.0 = Release|Any CPU
		{82AC555C-F72E-4C6B-A4F8-C96A9839FE3D}.Release|x86.ActiveCfg = Release|Any CPU
		{82AC555C-F72E-4C6B-A4F8-C96A9839FE3D}.Release|x86.Build.0 = Release|Any CPU
	EndGlobalSection
	GlobalSection(SolutionProperties) = preSolution
		HideSolutionNode = FALSE
	EndGlobalSection
EndGlobal
